
Microsoft Visual Studio Solution File, Format Version 12.00
# Visual Studio Version 17
VisualStudioVersion = 17.6.33815.320
MinimumVisualStudioVersion = 10.0.40219.1
Project("{FAE04EC0-301F-11D3-BF4B-00C04F79EFBC}") = "DockerDeployDemoVS22Ent", "DockerDeployDemoVS22Ent\DockerDeployDemoVS22Ent.csproj", "{45D35404-906F-4E61-8B12-BFAA30BD01AD}"
EndProject
Global
	GlobalSection(SolutionConfigurationPlatforms) = preSolution
		Debug|Any CPU = Debug|Any CPU
		Release|Any CPU = Release|Any CPU
	EndGlobalSection
	GlobalSection(ProjectConfigurationPlatforms) = postSolution
		{45D35404-906F-4E61-8B12-BFAA30BD01AD}.Debug|Any CPU.ActiveCfg = Debug|Any CPU
		{45D35404-906F-4E61-8B12-BFAA30BD01AD}.Debug|Any CPU.Build.0 = Debug|Any CPU
		{45D35404-906F-4E61-8B12-BFAA30BD01AD}.Release|Any CPU.ActiveCfg = Release|Any CPU
		{45D35404-906F-4E61-8B12-BFAA30BD01AD}.Release|Any CPU.Build.0 = Release|Any CPU
	EndGlobalSection
	GlobalSection(SolutionProperties) = preSolution
		HideSolutionNode = FALSE
	EndGlobalSection
	GlobalSection(ExtensibilityGlobals) = postSolution
		SolutionGuid = {89440907-F70F-41FA-B7B8-A7252D34CCA3}
	EndGlobalSection
EndGlobal
